-----BEGIN RSA PRIVATE KEY-----
Proc-Type: 4,ENCRYPTED
DEK-Info: AES-256-CBC,E4AF8571BD52ECF244477EF3770E54CF

gbg3tv01LaCyx1wscPm1e3d224gNlsJY3Kj1ybReJ9bGZ6v80TlBzgjYWxxikCKA
OszQ70RSsSVB2Pg+mBti+3zrIyY5/lWuRH6+hjj+PJIkN3FtnbhWVG6L/2LWcacp
0dKToD6hdjirR5yebZLQ/o3YaFDPwu4TSHdbJY3NI2U45C7Dpf1g+muqZG847CO3
BsVysicMQNTSJNw8qW7TcM/1KkUWqn+m+6l4mDa/xxq97mA1iz/vUYwcgSbKVtUz
umjRtSTtyTbJi3MJd+FxrcIh9R/PzzuNr6P0/5lSCbO7bMUWUJumOibT2uB5rqhF
MKC8qNTxSxnlac6nZcUIG3ScKdiu8qKtpE8dQru4Lp6p8ZIbPJisuz/Rng/LGX5Y
8FQ6PJBON/8ENxG+oR4EjExeZVb/GfXJ5XJ0p+SMEW+JMWIMR2JWloplBcldOeox
ExG6AS7zMbKxs2K7qiXs+AwPhw0fBZSwqxS95fNlsmzP3bSIMuq9z86N/pwQRt1P
BM92fQ5W8nUTtkeFkEN4IXoMYbXgYPofS/XwCy09X7cIwjneKyhhyYwjKGVrTwv9
ehzjzZMTAPn/y2nI+m/IhoK3AOi/CENk9Cl0j9wX4HXq+HCRfY6KrZ8eqZMGWvzj
J2MuC7hhNxgcGSYnSaVNCZq3MfdnLKv5mMrLaOiRJYhahj1QMiJXEH/m1gYXJfYd
X7YNwl3k2s3FlqVnZn58EnRhN9kvomCdTs2tgpEW3Ub2oKPspXWY++fSO9W+3NUw
MKpZY1PadebkSFqjWFCG8nNQV88KphSoSpy1CUjEKVzX3HZ2XHI3V4gh1PmI9nRb
mrPSaG03nMwL1rMHSiXq1bMWyyu8MmyngOdEuhM+hJp+T1BA+xB2lfQ6XscQbqpP
XYN5TQfDhlKlMg7M32acD5IPDaoxY2B3B50rBOg6F26GLFhJT0PA7LBkoVYWt0A9
th/xlFU1fysgezXiv80Nq9X+yhK3rS9WHtFbeDubuhhqDZbWKVRTPAnKo/fP1GXi
tu2kc6fyhJBolPlUs07jDEjdo34oZX+p0pPkAvU6JR/9CJ98ovRcELkjLVSk657A
IBI3uFTsVq5qbqD0m/hTscVQJyV//H88nzTgGKr+tQA7Ta7n4JEuwy6otvF81goi
OPe0lf8uBOOc+s3Kx4VacGJEM/o36yCPEH29i/kKexsJnN72suWiSCjVcn9rVFfP
Xtdh3RmkUQvSPMj2lM+8Mv6w9O83kH7xIAnyVlTwCFv+FLjWTGh4lktrcDb4391h
EAc85WcIAuvVO9ofDkwoX9bJjuL6hyC7fOAQN+7z3K76uvm3oA9+m4umw+dVRygp
whR2WUVCbEeEiur76gMgzfyrjga0zpxD8+z0Qibg2yrPCSF1sh7V0AYoKcUTZIk6
TKJF5V0ageQVOZ5Qzr5dNJoxnwSXasrX2duCf1ar0FpQWaMdCjRsBx8I1Cm4OcSE
t94Ukieg07GNb4LvqI4mpVGCZf89VziIyPOot33AGDH9cvvOV5F2EGYfnJZhb9fd
3iDVi6YeomyGuOReRhAdrnWJ761Yy+xm2o+ZTDMhWWelKTTlS75RiqZ6dIrl5VM4
83VSlApaJRPvFR8XBVqrvXdOakGW5I80kpq+QzFk2BZZyJVMdDHUFd2NwRbwUZww
+6sUUGjUYMlmcY4Olk7l+2MskjYCsCt8sKqU4IVEAwEXjZ2Ey/b8iNHLa/lQcRNC
MfVLYP6ZTp5PSxpvNy6B2RedcuqmjU8ip8Aw9XHrrXIPo+kV3eTgVl11Dy4XYUSY
0v7iJ/HmOr7t8RwGrXa6Y0T2T9HjifvIFvBVnbDUhxX+pXWykvPKK/qT02A1O+x0
G21oBxpkCRVumUG8U986sEYG4k2CMc6I0tH7NJNSWpHl9i5o8Pm/NyhbcjWJQjJh
XDT81PWbGAmGuUfEJT4NhP4GG3YnGDnZ7iXLe7EMFJ2AxA5Q3SSGr4XjrEpVfZZr
vSEKkM9k+SYJWumGK+cfaxFKI6UmMDVwgTVBtN+dsAcScm1bWvzGEc54kgfP0rS1
aDhD6Dyj3bVvaQe1WVnQzehJhubGMiIu+PHazoKgzpKFbP4GDvAxTrX1L4lwtqiB
mLwm1IIKeHlGd2CUJjB3MXn++YmOAusR3JwueyRDTHaZKND6INZYPvyt5l+Cc/8j
NJwn2Zmr7whTjx1vyAYRt0sVF5c2/SypzyyF+VNGm9X7/MeJNi7M5r5fZ5jqI/2z
SIWuna76CuBw4kE5MUTejb+yMHmzSOem49l7547MDgOKp43kWgbotz8wQDm8qba6
eJQ1pR+8yAoRO9w+RkEKBoAJRlePF7nkvnYMSa/U4OY9sJ2lH6IrjPwQSmbC7VbX
H3HKoweS85e2LD5Mmz1TDaYykvYETsglf4XbKQS1T/EztEeLh7yu6K8tLUXIhXxS
EJ0VDnsjYo2vfN2Na9f+Zh52upanw0E3XmZz8f0MJYdRXzdOt2o6SZmu019vQPda
g55jY29x8YhDTSmldx2KBUvBHl/PINV4NOMwACCY2XEalCizVIP/qkd0UOQ8XSQL
0+dCQRzulXUO9wwevmJWiA9iGCf/FTaKmnA2HngqbodROQrWkratD/q/cbPVzE9a
SaC0Jg00CTXNp/3DWyvSeTI61P9ygz+7HL0zq3PRDD+Jsg0g/X3Jens0ZCEqAV3P
mcSeFKVlkSANHMwCUgnxGrGSRvtGYI3fo1cdRrE9RhE58kmEQeqezcYD1vB3yn51
pDiNDauptQAYa2U6EJwi2vIQ6wvXqTPYjulREvgXomQDghL7Jh0bwNxaennix8IK
FGRTb1JKyMiDwuBudicPzFUPM+5s6IAuDiyziyG4YC23Ui0gwdBalTtsZjBcDNtC
J6HPuvvmL+Pv4ThKV9TuWVwyvI0vIeIoxVuI3CjbB1NDkPU0aOLEknCynbNBW3hz
lMRaZlvhElAAhC25x9uZMe2PJHXvclaoVik0wBuu8XTmBDxuCYkyro8tlOXzSDW5
iLrK/zttgVtCuMsV5UQhN2XigiPUr7MPgyDd5LJ34F1+VdVHoPxrF/FmI0eMvjrq
tPFEWag6h1SA5bB3PZJ2PY1u3+hT6eE7ifB9LB0PjtWChVADiHpSmKkz2TKwS8kP
-----END RSA PRIVATE KEY-----
