-----BEGIN RSA PRIVATE KEY-----
Proc-Type: 4,ENCRYPTED
DEK-Info: AES-256-CBC,09D48923F3EEDE0BC2968FBC40A71DFF

yWI+V+ZCVlPTSB3WpVSHycrVcTW1iS5jRDwBljYHp5OSjgdie4JbEBhiXY0Hb5D1
qeF0q7boRyhA4pUnKyK1vfUhVVhq7BftFt2y1u98GziqhiQYX3MzXHUdCsyERbUB
tyvyY5wzoyM1GbPqi7210mtYHdr4r5b3v3r0NOIDSQWiHIc2dljWe+ivI7KPh/sk
oIPWlJ4uNXh6D65043lGGjD3M086zYiIyS+sJZ9DNyXw5+d9A98LVo4l+MZr0D2h
m+dVqVOMmFe+1OBr2NnGr5odQZk4I2YDU388Sa0jRRNSsN+doppNb5eHhutyMC5S
phBrviq3/nUX9/oJesyWP/smwAKpeBe50HZTOvEE9gWNWIQBWunDut5vz7SXk/cv
lb6uNcnVU+rvXEeJ5TAlNXu+kMj6Y1r833J0Wv9XpzIi8iLPV3Btl8aVFThBZkbL
KPVgooTonXsH9eP/inHZ7zgp5ntUAnhj1v5E8nXsChez7TwwbnQlcA3ILxwhyATe
CJ+lAhDHN2dDlvEppX4+UZdPE3XhFfdJ04Q9918zpjfLD/6px6fLztOpjsCSgiHQ
O83TfTrQiXw7HPMg5j78X2nUm//Fbwpjaf6T6Xuu6SzFqzQ8mpHqUsUSLNu1JL1y
hrXjJlp8ByfgLcgHcJvzOf6TcR5a4IDpIPavutx3TZjPemAb9FFLSsI1MsPpoQf8
fAraKY9vw9k0Xry6vNNaPM14Awg8YHC9wd1Bk/Eq032aZN8UXbvHlDtFPBEMfItX
QFDolQq/EPnsDz2Ovu0SvRjqz7KCQUh5dy2g+eC2+9qBBLQ5sdygOb/LhRcdt8Hk
jwAaqPxEtLa2YOHBLmUhgzy0uncg5CUmDMpwr7VhTDVG85GncCGjzbXVTlsKcoCq
xija07n6KpTo+josjqg1/1RDSvTt6AINp2Cr97FWZ9LCQC04d6KDtde/vEyvFTan
/ESDhA5ipg7BJyunugDHkjpFKvf2y3V8nELgz/1QuyXP9GHQt7ztOXRlKFahCY7C
yHYdp0FnMZpMcGbHcxdffIv9pRtQw5pU05SwCig+ViqhpU7qG9z/jrzsX6U8kUuV
yS/gEj4owYINTcpqXnFU4XT8SYuZNm+YbNhiOoZK9n5gJsLU5on7T0h6FQqWlDjQ
a86FtMbVBx30NFhbH3Y8WKmKEE8NpHjVwANZ4P88IIftdvtVBHiE9OKoZ8infmg5
h8MCVhgMWpuwFnQh8XjduYhSwyFJoJp0bIL7CXgHe4fl+WDsr9YoBV5sECQK9m1U
IlzA0y9BV5YtaQG70EQEy2sA/x7Pgw+1gRffWFw+oGkqjRqg31Ra5PTKz/jSmGrB
0c2OKqf4qwB5lCXuPZBFkuscYQ3VsrTEexH4dP8m9odtkL6gwnHIVwP6+mWQ6YVi
GBMSholG3xn7RJgAMBW/bELR8qhjcx9Q0FqsPny4GW9EVQ2xxuLoD6f5XBxe4iFM
TJzkTr+D775vMl5YftFHD0wxAxXEkaK0jiUvkoo3EVLZIrs63rMQcB/Z4h3SRW6G
kMzL5FF6Jxw3suyDK8s8X0b+b4VXuQQh3RQUMS6/wmRFq+QK8j0nq3RpaoUeR9ox
/C7TLO4Ws/+S1iu//AVlBSzFqlC2FjTBXseTUIFCVQ3ciHlkWle2QV5vnNJpGsFf
2U4umTR/gN9hegR86oJ0P3xD0z8xV+YjQlOQiC0oUYsvJnVa8RQvnlMg++Bxt39H
oqXSFqxMqBmwSD7aLcDCylksTPF4UR3BDSCOcNBIWscL0RiPCDvDOCanB6EtKmYU
gyZ2QJwBS9yzT6ub4h7Ny7K43zezBMyP54B4AlXuT192XvRcMXtwd8JA+jui00sq
CeHyWsZMZqqYEyD8F8mn5huB4L1O31WjDMxtkR4HANJKPUrZuNBnbZvVIIEjw1yt
PxBmp5j6gFjtIeTfJ3SiJlZNHyelLHY4+GIp32SJBTjMvM/1SZb9AX+8GXsk56CR
3Kgg29bHyaqO3xLypAwmaajgC0b1XIPiSj3D4osqOYEHasEfJlViRyklypBDM20U
UJxxtI3N6eAb3kqbALE9pO6E1cCLAQBGLOrU+q3ssKn/vSll6HE1PWelSq2KbOKN
PpW34XQxl8Cyl8jKOY+VBQY5+mxWWjmOp7U+F0uG/aq43xqLuCtCluiWmwWn84xv
s7Y3hteg9vRBrO0VnVU9XhXOKQsjtilQcehbXYNRujcWjfvkHLUxgn1oyrd/Q/3+
T9zfnGQYMm2dRLv4IQaXRlC2xd614K7cr2uzijve9SCgqTqLlzMj+H+ZpCXYU2Dd
A5xm2B9+2CU+KzdPd4VMLbbCoPo0GWMFy8o3dP6Q/+fUOvujkGiG3i5X1xbfJQM9
SUNO4NrSAYDLcsapUNf0geIU+n+13wHwPd3JpQPDtrTKpRIE4D1TGY/GBgUFk79t
hbwgQNbnTCwAKGW4sTTzOPnJqlMtRRblUgjx8TqGJj+jHaTZkEbZ0BmvkD0J9FPk
FpkpMwyE3KlGZ+0zehs5L/JFZrpHddgKZUVEJ1Jt5nobePmyFWbOmBgJ7murDdXL
0V5eB7xfY3ZZ4NIYfupGaAyXT5oZApfKAx3DgjGLKfat9IwnMXk6oxK+r9skJJRV
rd95SZVQ1MAGePALn6XWgVusi4FA631oh+sivdbYa2HW4KmSe3fx2exzOXU/Joso
0/M2imrKDHE8bDx2/M0IlhdgeOzxncBluWP1/r/c6WzwZPU+HF0MQagyNIyeCT4/
4RL46ylQs4y3K97b1gj9UICqsMshtvJfaOtI6AmClIDAcRTKb66E9y8q7uf9FqKL
MtKQPA+oGHSD+Wf1FxMA+z3lhZcGYemGBbowiuT+AS7PpljxE2mEO9/nW6Tlpu+M
1j4MJBak+i3TGohLoK1s4NAud+6HEUYvtsdu89/zT53H2LuyafefsLSOhuyJW/2c
mv81fVIXc3WcAZLdO/VkPYhA1dD1JFYDuoOXzVTJXDNYzrLnT2MxVn3Tef7aJMc8
8I3MSgsvzkzPbKfvH5J08YL3PWwyJx2qkMuks0UQygkR9llnHhubMFr5G/28Y/aN
8HCADlxBAS1Z8DTzMssxYvzjBo+jrNq8kD+14iXLt5OWBpzO3JugNFDsi0nNcVjI
-----END RSA PRIVATE KEY-----
